
Microsoft Visual Studio Solution File, Format Version 12.00
# Visual Studio 14
VisualStudioVersion = 14.0.24720.0
MinimumVisualStudioVersion = 10.0.40219.1
Project("{FAE04EC0-301F-11D3-BF4B-00C04F79EFBC}") = "CB.Model.Common", "..\..\..\Libraries\DotNet\CB.Model\CB.Model.Common\CB.Model.Common.csproj", "{33A5DF99-1312-4023-A6EF-EABB9848F5A6}"
EndProject
Project("{FAE04EC0-301F-11D3-BF4B-00C04F79EFBC}") = "CB.Model.Prism", "..\..\..\Libraries\DotNet\CB.Model\CB.Model.Prism\CB.Model.Prism.csproj", "{6A52CAE9-6F3E-4A20-96EB-0E6116A6709C}"
EndProject
Project("{FAE04EC0-301F-11D3-BF4B-00C04F79EFBC}") = "CB.Net.Socket", "..\..\..\Libraries\DotNet\CB.Net\CB.Net.Socket\CB.Net.Socket.csproj", "{948DFB67-E7DD-4D8E-87C5-033F5A6B83C5}"
EndProject
Project("{FAE04EC0-301F-11D3-BF4B-00C04F79EFBC}") = "TcpListenerWindow", "TcpListenerWindow\TcpListenerWindow.csproj", "{D0065FE5-1866-4ECC-ACC6-23BE8F090906}"
EndProject
Project("{FAE04EC0-301F-11D3-BF4B-00C04F79EFBC}") = "TcpClientWindow", "TcpClientWindow\TcpClientWindow.csproj", "{F11A078C-6D6C-42BC-B8EC-3F392D84CB92}"
EndProject
Global
	GlobalSection(SolutionConfigurationPlatforms) = preSolution
		Debug|Any CPU = Debug|Any CPU
		Release|Any CPU = Release|Any CPU
	EndGlobalSection
	GlobalSection(ProjectConfigurationPlatforms) = postSolution
		{33A5DF99-1312-4023-A6EF-EABB9848F5A6}.Debug|Any CPU.ActiveCfg = Debug|Any CPU
		{33A5DF99-1312-4023-A6EF-EABB9848F5A6}.Debug|Any CPU.Build.0 = Debug|Any CPU
		{33A5DF99-1312-4023-A6EF-EABB9848F5A6}.Release|Any CPU.ActiveCfg = Release|Any CPU
		{33A5DF99-1312-4023-A6EF-EABB9848F5A6}.Release|Any CPU.Build.0 = Release|Any CPU
		{6A52CAE9-6F3E-4A20-96EB-0E6116A6709C}.Debug|Any CPU.ActiveCfg = Debug|Any CPU
		{6A52CAE9-6F3E-4A20-96EB-0E6116A6709C}.Debug|Any CPU.Build.0 = Debug|Any CPU
		{6A52CAE9-6F3E-4A20-96EB-0E6116A6709C}.Release|Any CPU.ActiveCfg = Release|Any CPU
		{6A52CAE9-6F3E-4A20-96EB-0E6116A6709C}.Release|Any CPU.Build.0 = Release|Any CPU
		{948DFB67-E7DD-4D8E-87C5-033F5A6B83C5}.Debug|Any CPU.ActiveCfg = Debug|Any CPU
		{948DFB67-E7DD-4D8E-87C5-033F5A6B83C5}.Debug|Any CPU.Build.0 = Debug|Any CPU
		{948DFB67-E7DD-4D8E-87C5-033F5A6B83C5}.Release|Any CPU.ActiveCfg = Release|Any CPU
		{948DFB67-E7DD-4D8E-87C5-033F5A6B83C5}.Release|Any CPU.Build.0 = Release|Any CPU
		{D0065FE5-1866-4ECC-ACC6-23BE8F090906}.Debug|Any CPU.ActiveCfg = Debug|Any CPU
		{D0065FE5-1866-4ECC-ACC6-23BE8F090906}.Debug|Any CPU.Build.0 = Debug|Any CPU
		{D0065FE5-1866-4ECC-ACC6-23BE8F090906}.Release|Any CPU.ActiveCfg = Release|Any CPU
		{D0065FE5-1866-4ECC-ACC6-23BE8F090906}.Release|Any CPU.Build.0 = Release|Any CPU
		{F11A078C-6D6C-42BC-B8EC-3F392D84CB92}.Debug|Any CPU.ActiveCfg = Debug|Any CPU
		{F11A078C-6D6C-42BC-B8EC-3F392D84CB92}.Debug|Any CPU.Build.0 = Debug|Any CPU
		{F11A078C-6D6C-42BC-B8EC-3F392D84CB92}.Release|Any CPU.ActiveCfg = Release|Any CPU
		{F11A078C-6D6C-42BC-B8EC-3F392D84CB92}.Release|Any CPU.Build.0 = Release|Any CPU
	EndGlobalSection
	GlobalSection(SolutionProperties) = preSolution
		HideSolutionNode = FALSE
	EndGlobalSection
EndGlobal
