
Microsoft Visual Studio Solution File, Format Version 12.00
# Visual Studio 14
VisualStudioVersion = 14.0.25123.0
MinimumVisualStudioVersion = 10.0.40219.1
Project("{FAE04EC0-301F-11D3-BF4B-00C04F79EFBC}") = "SocketServer", "SocketServer\SocketServer.csproj", "{2C0F79E7-9E2E-4560-A019-BDB5BBD60E63}"
EndProject
Project("{FAE04EC0-301F-11D3-BF4B-00C04F79EFBC}") = "SocketInfrastructure", "SocketInfrastructure\SocketInfrastructure.csproj", "{3692172A-8204-409B-968C-BCAB77112204}"
EndProject
Global
	GlobalSection(SolutionConfigurationPlatforms) = preSolution
		Debug|Any CPU = Debug|Any CPU
		Release|Any CPU = Release|Any CPU
	EndGlobalSection
	GlobalSection(ProjectConfigurationPlatforms) = postSolution
		{2C0F79E7-9E2E-4560-A019-BDB5BBD60E63}.Debug|Any CPU.ActiveCfg = Debug|Any CPU
		{2C0F79E7-9E2E-4560-A019-BDB5BBD60E63}.Debug|Any CPU.Build.0 = Debug|Any CPU
		{2C0F79E7-9E2E-4560-A019-BDB5BBD60E63}.Release|Any CPU.ActiveCfg = Release|Any CPU
		{2C0F79E7-9E2E-4560-A019-BDB5BBD60E63}.Release|Any CPU.Build.0 = Release|Any CPU
		{3692172A-8204-409B-968C-BCAB77112204}.Debug|Any CPU.ActiveCfg = Debug|Any CPU
		{3692172A-8204-409B-968C-BCAB77112204}.Debug|Any CPU.Build.0 = Debug|Any CPU
		{3692172A-8204-409B-968C-BCAB77112204}.Release|Any CPU.ActiveCfg = Release|Any CPU
		{3692172A-8204-409B-968C-BCAB77112204}.Release|Any CPU.Build.0 = Release|Any CPU
	EndGlobalSection
	GlobalSection(SolutionProperties) = preSolution
		HideSolutionNode = FALSE
	EndGlobalSection
EndGlobal
